
Microsoft Visual Studio Solution File, Format Version 12.00
# Visual Studio Version 17
VisualStudioVersion = 17.10.35013.160
MinimumVisualStudioVersion = 10.0.40219.1
Project("{FAE04EC0-301F-11D3-BF4B-00C04F79EFBC}") = "ATM Managment System", "ATM Managment System.csproj", "{621995AD-30BE-41AA-AD02-CE28AD725826}"
EndProject
Global
	GlobalSection(SolutionConfigurationPlatforms) = preSolution
		Debug|Any CPU = Debug|Any CPU
		Release|Any CPU = Release|Any CPU
	EndGlobalSection
	GlobalSection(ProjectConfigurationPlatforms) = postSolution
		{621995AD-30BE-41AA-AD02-CE28AD725826}.Debug|Any CPU.ActiveCfg = Debug|Any CPU
		{621995AD-30BE-41AA-AD02-CE28AD725826}.Debug|Any CPU.Build.0 = Debug|Any CPU
		{621995AD-30BE-41AA-AD02-CE28AD725826}.Release|Any CPU.ActiveCfg = Release|Any CPU
		{621995AD-30BE-41AA-AD02-CE28AD725826}.Release|Any CPU.Build.0 = Release|Any CPU
	EndGlobalSection
	GlobalSection(SolutionProperties) = preSolution
		HideSolutionNode = FALSE
	EndGlobalSection
	GlobalSection(ExtensibilityGlobals) = postSolution
		SolutionGuid = {58F709C0-55CC-4155-8BA2-9E3FE5C7BFC9}
	EndGlobalSection
EndGlobal
